
Microsoft Visual Studio Solution File, Format Version 12.00
# Visual Studio 2012
Project("{FAE04EC0-301F-11D3-BF4B-00C04F79EFBC}") = "AddPhysicalDisk", "AddPhysicalDisk\AddPhysicalDisk.csproj", "{EA806864-C6E2-491A-B0C0-67720E93434D}"
EndProject
Project("{FAE04EC0-301F-11D3-BF4B-00C04F79EFBC}") = "CreateStoragePool", "CreateStoragePool\CreateStoragePool.csproj", "{FD9DF8D9-A71F-4E39-9055-0C5E7C17538F}"
EndProject
Global
	GlobalSection(SolutionConfigurationPlatforms) = preSolution
		Debug|x86 = Debug|x86
		Release|x86 = Release|x86
	EndGlobalSection
	GlobalSection(ProjectConfigurationPlatforms) = postSolution
		{EA806864-C6E2-491A-B0C0-67720E93434D}.Debug|x86.ActiveCfg = Debug|x86
		{EA806864-C6E2-491A-B0C0-67720E93434D}.Debug|x86.Build.0 = Debug|x86
		{EA806864-C6E2-491A-B0C0-67720E93434D}.Release|x86.ActiveCfg = Release|x86
		{EA806864-C6E2-491A-B0C0-67720E93434D}.Release|x86.Build.0 = Release|x86
		{FD9DF8D9-A71F-4E39-9055-0C5E7C17538F}.Debug|x86.ActiveCfg = Debug|x86
		{FD9DF8D9-A71F-4E39-9055-0C5E7C17538F}.Debug|x86.Build.0 = Debug|x86
		{FD9DF8D9-A71F-4E39-9055-0C5E7C17538F}.Release|x86.ActiveCfg = Release|x86
		{FD9DF8D9-A71F-4E39-9055-0C5E7C17538F}.Release|x86.Build.0 = Release|x86
	EndGlobalSection
	GlobalSection(SolutionProperties) = preSolution
		HideSolutionNode = FALSE
	EndGlobalSection
EndGlobal
